
Microsoft Visual Studio Solution File, Format Version 12.00
# Visual Studio Version 17
VisualStudioVersion = 17.13.35931.197 d17.13
MinimumVisualStudioVersion = 10.0.40219.1
Project("{FAE04EC0-301F-11D3-BF4B-00C04F79EFBC}") = "Student Class", "Student Class\Student Class.csproj", "{DF68FC84-5235-4195-8492-241D2A6F6251}"
EndProject
Global
	GlobalSection(SolutionConfigurationPlatforms) = preSolution
		Debug|Any CPU = Debug|Any CPU
		Release|Any CPU = Release|Any CPU
	EndGlobalSection
	GlobalSection(ProjectConfigurationPlatforms) = postSolution
		{DF68FC84-5235-4195-8492-241D2A6F6251}.Debug|Any CPU.ActiveCfg = Debug|Any CPU
		{DF68FC84-5235-4195-8492-241D2A6F6251}.Debug|Any CPU.Build.0 = Debug|Any CPU
		{DF68FC84-5235-4195-8492-241D2A6F6251}.Release|Any CPU.ActiveCfg = Release|Any CPU
		{DF68FC84-5235-4195-8492-241D2A6F6251}.Release|Any CPU.Build.0 = Release|Any CPU
	EndGlobalSection
	GlobalSection(SolutionProperties) = preSolution
		HideSolutionNode = FALSE
	EndGlobalSection
	GlobalSection(ExtensibilityGlobals) = postSolution
		SolutionGuid = {9B8E6D1C-2FC2-4EC9-80D5-401480ACA9B9}
	EndGlobalSection
EndGlobal
